
Microsoft Visual Studio Solution File, Format Version 12.00
# Visual Studio Version 16
VisualStudioVersion = 16.0.31702.278
MinimumVisualStudioVersion = 10.0.40219.1
Project("{FAE04EC0-301F-11D3-BF4B-00C04F79EFBC}") = "fizz buzz", "fizz buzz\fizz buzz.csproj", "{1CD52C45-EFFF-48E4-873C-6FE352332AE4}"
EndProject
Global
	GlobalSection(SolutionConfigurationPlatforms) = preSolution
		Debug|Any CPU = Debug|Any CPU
		Release|Any CPU = Release|Any CPU
	EndGlobalSection
	GlobalSection(ProjectConfigurationPlatforms) = postSolution
		{1CD52C45-EFFF-48E4-873C-6FE352332AE4}.Debug|Any CPU.ActiveCfg = Debug|Any CPU
		{1CD52C45-EFFF-48E4-873C-6FE352332AE4}.Debug|Any CPU.Build.0 = Debug|Any CPU
		{1CD52C45-EFFF-48E4-873C-6FE352332AE4}.Release|Any CPU.ActiveCfg = Release|Any CPU
		{1CD52C45-EFFF-48E4-873C-6FE352332AE4}.Release|Any CPU.Build.0 = Release|Any CPU
	EndGlobalSection
	GlobalSection(SolutionProperties) = preSolution
		HideSolutionNode = FALSE
	EndGlobalSection
	GlobalSection(ExtensibilityGlobals) = postSolution
		SolutionGuid = {98E396DF-9667-48DC-A0C1-687713EB6A4E}
	EndGlobalSection
EndGlobal
